
Microsoft Visual Studio Solution File, Format Version 12.00
# Visual Studio Version 16
VisualStudioVersion = 16.0.30523.141
MinimumVisualStudioVersion = 10.0.40219.1
Project("{FAE04EC0-301F-11D3-BF4B-00C04F79EFBC}") = "OCR_Demo", "OCR_Demo\OCR_Demo.csproj", "{BDAE50CB-67DC-402E-A059-EF5E71E9FED1}"
EndProject
Project("{FAE04EC0-301F-11D3-BF4B-00C04F79EFBC}") = "OCR_WPF", "OCR_WPF\OCR_WPF.csproj", "{6105984E-0A0D-4C1D-BA36-18B7694BC48E}"
EndProject
Global
	GlobalSection(SolutionConfigurationPlatforms) = preSolution
		Debug|Any CPU = Debug|Any CPU
		Release|Any CPU = Release|Any CPU
	EndGlobalSection
	GlobalSection(ProjectConfigurationPlatforms) = postSolution
		{BDAE50CB-67DC-402E-A059-EF5E71E9FED1}.Debug|Any CPU.ActiveCfg = Debug|Any CPU
		{BDAE50CB-67DC-402E-A059-EF5E71E9FED1}.Debug|Any CPU.Build.0 = Debug|Any CPU
		{BDAE50CB-67DC-402E-A059-EF5E71E9FED1}.Release|Any CPU.ActiveCfg = Release|Any CPU
		{BDAE50CB-67DC-402E-A059-EF5E71E9FED1}.Release|Any CPU.Build.0 = Release|Any CPU
		{6105984E-0A0D-4C1D-BA36-18B7694BC48E}.Debug|Any CPU.ActiveCfg = Debug|Any CPU
		{6105984E-0A0D-4C1D-BA36-18B7694BC48E}.Debug|Any CPU.Build.0 = Debug|Any CPU
		{6105984E-0A0D-4C1D-BA36-18B7694BC48E}.Release|Any CPU.ActiveCfg = Release|Any CPU
		{6105984E-0A0D-4C1D-BA36-18B7694BC48E}.Release|Any CPU.Build.0 = Release|Any CPU
	EndGlobalSection
	GlobalSection(SolutionProperties) = preSolution
		HideSolutionNode = FALSE
	EndGlobalSection
	GlobalSection(ExtensibilityGlobals) = postSolution
		SolutionGuid = {0A69A502-3018-4D74-9A26-9367CBB279DA}
	EndGlobalSection
EndGlobal
